
Microsoft Visual Studio Solution File, Format Version 12.00
# Visual Studio Version 17
VisualStudioVersion = 17.4.33213.308
MinimumVisualStudioVersion = 10.0.40219.1
Project("{FAE04EC0-301F-11D3-BF4B-00C04F79EFBC}") = "tp1_securite_informatique", "tp1_securite_informatique\tp1_securite_informatique.csproj", "{811B18FA-9085-45FE-85DF-DC542C2A875B}"
EndProject
Global
	GlobalSection(SolutionConfigurationPlatforms) = preSolution
		Debug|Any CPU = Debug|Any CPU
		Release|Any CPU = Release|Any CPU
	EndGlobalSection
	GlobalSection(ProjectConfigurationPlatforms) = postSolution
		{811B18FA-9085-45FE-85DF-DC542C2A875B}.Debug|Any CPU.ActiveCfg = Debug|Any CPU
		{811B18FA-9085-45FE-85DF-DC542C2A875B}.Debug|Any CPU.Build.0 = Debug|Any CPU
		{811B18FA-9085-45FE-85DF-DC542C2A875B}.Release|Any CPU.ActiveCfg = Release|Any CPU
		{811B18FA-9085-45FE-85DF-DC542C2A875B}.Release|Any CPU.Build.0 = Release|Any CPU
	EndGlobalSection
	GlobalSection(SolutionProperties) = preSolution
		HideSolutionNode = FALSE
	EndGlobalSection
	GlobalSection(ExtensibilityGlobals) = postSolution
		SolutionGuid = {EF8C99C5-5F6D-457A-8932-A13992C06637}
	EndGlobalSection
EndGlobal
